{
  "name": "platform_node.js",
  "version": "1.0.0",
  "lockfileVersion": 1,
  "requires": true,
  "dependencies": {
    "@vesnushkka/platforms": {
      "version": "1.0.0",
      "resolved": "https://npm.pkg.github.com/download/@vesnushkka/platforms/1.0.0/1bc25ad765da2c50a0b79fb4a963b95b2ee4c9966d1a1c6b82573c11201ee586",
      "integrity": "sha512-y/QhXz8OZtLsTHVKqLnyPrPvBon7VM+x5Wgr3FFP0zBeCQl8Ah0Y7JrnOUUNpPi4ZO14IskdEfj9y+t1nfSB3Q=="
    }
  }
}
